
Microsoft Visual Studio Solution File, Format Version 12.00
# Visual Studio Version 16
VisualStudioVersion = 16.0.31205.134
MinimumVisualStudioVersion = 10.0.40219.1
Project("{9A19103F-16F7-4668-BE54-9A1E7A4F7556}") = "LinearProgrammingSolver", "LinearProgrammingSolver\LinearProgrammingSolver.csproj", "{CDB624C6-F12A-459B-9ECB-1180CE55871F}"
EndProject
Project("{FAE04EC0-301F-11D3-BF4B-00C04F79EFBC}") = "LinearProgrammingSolver.Domain", "LinearProgrammingSolver.Domain\LinearProgrammingSolver.Domain.csproj", "{B346D3DE-BA62-4151-B9E1-2CBC7E097623}"
EndProject
Global
	GlobalSection(SolutionConfigurationPlatforms) = preSolution
		Debug|Any CPU = Debug|Any CPU
		Release|Any CPU = Release|Any CPU
	EndGlobalSection
	GlobalSection(ProjectConfigurationPlatforms) = postSolution
		{CDB624C6-F12A-459B-9ECB-1180CE55871F}.Debug|Any CPU.ActiveCfg = Debug|Any CPU
		{CDB624C6-F12A-459B-9ECB-1180CE55871F}.Debug|Any CPU.Build.0 = Debug|Any CPU
		{CDB624C6-F12A-459B-9ECB-1180CE55871F}.Release|Any CPU.ActiveCfg = Release|Any CPU
		{CDB624C6-F12A-459B-9ECB-1180CE55871F}.Release|Any CPU.Build.0 = Release|Any CPU
		{B346D3DE-BA62-4151-B9E1-2CBC7E097623}.Debug|Any CPU.ActiveCfg = Debug|Any CPU
		{B346D3DE-BA62-4151-B9E1-2CBC7E097623}.Debug|Any CPU.Build.0 = Debug|Any CPU
		{B346D3DE-BA62-4151-B9E1-2CBC7E097623}.Release|Any CPU.ActiveCfg = Release|Any CPU
		{B346D3DE-BA62-4151-B9E1-2CBC7E097623}.Release|Any CPU.Build.0 = Release|Any CPU
	EndGlobalSection
	GlobalSection(SolutionProperties) = preSolution
		HideSolutionNode = FALSE
	EndGlobalSection
	GlobalSection(ExtensibilityGlobals) = postSolution
		SolutionGuid = {0829C12B-C6E9-43F1-A409-36224DBD1109}
	EndGlobalSection
EndGlobal
